Microsoft Visual Studio Solution File, Format Version 12.00
# Visual Studio Version 17
VisualStudioVersion = 17.5.2.0
MinimumVisualStudioVersion = 10.0.40219.1
Project("{FAE04EC0-301F-11D3-BF4B-00C04F79EFBC}") = "CPRM2", "CPRM2.csproj", "{501D2332-3D52-703E-CC68-DE643D3FF372}"
EndProject
Global
	GlobalSection(SolutionConfigurationPlatforms) = preSolution
		Debug|Any CPU = Debug|Any CPU
		Release|Any CPU = Release|Any CPU
	EndGlobalSection
	GlobalSection(ProjectConfigurationPlatforms) = postSolution
		{501D2332-3D52-703E-CC68-DE643D3FF372}.Debug|Any CPU.ActiveCfg = Debug|Any CPU
		{501D2332-3D52-703E-CC68-DE643D3FF372}.Debug|Any CPU.Build.0 = Debug|Any CPU
		{501D2332-3D52-703E-CC68-DE643D3FF372}.Release|Any CPU.ActiveCfg = Release|Any CPU
		{501D2332-3D52-703E-CC68-DE643D3FF372}.Release|Any CPU.Build.0 = Release|Any CPU
	EndGlobalSection
	GlobalSection(SolutionProperties) = preSolution
		HideSolutionNode = FALSE
	EndGlobalSection
	GlobalSection(ExtensibilityGlobals) = postSolution
		SolutionGuid = {990981C2-7AAB-415E-B9D1-540993BA3E04}
	EndGlobalSection
EndGlobal
